// !$*UTF8*$!
{
	archiveVersion = 1;
	classes = {
	};
	objectVersion = 55;
	objects = {

/* Begin PBXBuildFile section */
		11E60C52287949E500C73989 /* AppDelegate.swift in Sources */ = {isa = PBXBuildFile; fileRef = 11E60C51287949E500C73989 /* AppDelegate.swift */; };
		11E60C54287949E500C73989 /* SceneDelegate.swift in Sources */ = {isa = PBXBuildFile; fileRef = 11E60C53287949E500C73989 /* SceneDelegate.swift */; };
		11E60C59287949E500C73989 /* Main.storyboard in Resources */ = {isa = PBXBuildFile; fileRef = 11E60C57287949E500C73989 /* Main.storyboard */; };
		11E60C5B287949E600C73989 /* Assets.xcassets in Resources */ = {isa = PBXBuildFile; fileRef = 11E60C5A287949E600C73989 /* Assets.xcassets */; };
		11E60C5E287949E600C73989 /* LaunchScreen.storyboard in Resources */ = {isa = PBXBuildFile; fileRef = 11E60C5C287949E600C73989 /* LaunchScreen.storyboard */; };
		11E60C6D28796A6800C73989 /* NewContactViewController.swift in Sources */ = {isa = PBXBuildFile; fileRef = 11E60C6C28796A6800C73989 /* NewContactViewController.swift */; };
		11E60C6F2879822200C73989 /* MainViewController.swift in Sources */ = {isa = PBXBuildFile; fileRef = 11E60C6E2879822200C73989 /* MainViewController.swift */; };
		11E60C72287D30CB00C73989 /* StorageManager.swift in Sources */ = {isa = PBXBuildFile; fileRef = 11E60C71287D30CB00C73989 /* StorageManager.swift */; };
		11E60C74287D33D200C73989 /* Contact.swift in Sources */ = {isa = PBXBuildFile; fileRef = 11E60C73287D33D200C73989 /* Contact.swift */; };
/* End PBXBuildFile section */

/* Begin PBXFileReference section */
		11E60C4E287949E500C73989 /* AppUserDefaults.app */ = {isa = PBXFileReference; explicitFileType = wrapper.application; includeInIndex = 0; path = AppUserDefaults.app; sourceTree = BUILT_PRODUCTS_DIR; };
		11E60C51287949E500C73989 /* AppDelegate.swift */ = {isa = PBXFileReference; lastKnownFileType = sourcecode.swift; path = AppDelegate.swift; sourceTree = "<group>"; };
		11E60C53287949E500C73989 /* SceneDelegate.swift */ = {isa = PBXFileReference; lastKnownFileType = sourcecode.swift; path = SceneDelegate.swift; sourceTree = "<group>"; };
		11E60C58287949E500C73989 /* Base */ = {isa = PBXFileReference; lastKnownFileType = file.storyboard; name = Base; path = Base.lproj/Main.storyboard; sourceTree = "<group>"; };
		11E60C5A287949E600C73989 /* Assets.xcassets */ = {isa = PBXFileReference; lastKnownFileType = folder.assetcatalog; path = Assets.xcassets; sourceTree = "<group>"; };
		11E60C5D287949E600C73989 /* Base */ = {isa = PBXFileReference; lastKnownFileType = file.storyboard; name = Base; path = Base.lproj/LaunchScreen.storyboard; sourceTree = "<group>"; };
		11E60C5F287949E600C73989 /* Info.plist */ = {isa = PBXFileReference; lastKnownFileType = text.plist.xml; path = Info.plist; sourceTree = "<group>"; };
		11E60C6C28796A6800C73989 /* NewContactViewController.swift */ = {isa = PBXFileReference; lastKnownFileType = sourcecode.swift; path = NewContactViewController.swift; sourceTree = "<group>"; };
		11E60C6E2879822200C73989 /* MainViewController.swift */ = {isa = PBXFileReference; lastKnownFileType = sourcecode.swift; path = MainViewController.swift; sourceTree = "<group>"; };
		11E60C71287D30CB00C73989 /* StorageManager.swift */ = {isa = PBXFileReference; lastKnownFileType = sourcecode.swift; path = StorageManager.swift; sourceTree = "<group>"; };
		11E60C73287D33D200C73989 /* Contact.swift */ = {isa = PBXFileReference; lastKnownFileType = sourcecode.swift; path = Contact.swift; sourceTree = "<group>"; };
/* End PBXFileReference section */

/* Begin PBXFrameworksBuildPhase section */
		11E60C4B287949E500C73989 /* Frameworks */ = {
			isa = PBXFrameworksBuildPhase;
			buildActionMask = 2147483647;
			files = (
			);
			runOnlyForDeploymentPostprocessing = 0;
		};
/* End PBXFrameworksBuildPhase section */

/* Begin PBXGroup section */
		11E60C45287949E500C73989 = {
			isa = PBXGroup;
			children = (
				11E60C50287949E500C73989 /* AppUserDefaults */,
				11E60C4F287949E500C73989 /* Products */,
			);
			sourceTree = "<group>";
		};
		11E60C4F287949E500C73989 /* Products */ = {
			isa = PBXGroup;
			children = (
				11E60C4E287949E500C73989 /* AppUserDefaults.app */,
			);
			name = Products;
			sourceTree = "<group>";
		};
		11E60C50287949E500C73989 /* AppUserDefaults */ = {
			isa = PBXGroup;
			children = (
				11E60C70287D30AA00C73989 /* Services */,
				11E60C6B2879677900C73989 /* Resources */,
				11E60C6A2879676300C73989 /* ViewControllers */,
				11E60C692879674C00C73989 /* Storyboard */,
				11E60C672879671A00C73989 /* Model */,
				11E60C682879672400C73989 /* App */,
			);
			path = AppUserDefaults;
			sourceTree = "<group>";
		};
		11E60C672879671A00C73989 /* Model */ = {
			isa = PBXGroup;
			children = (
				11E60C73287D33D200C73989 /* Contact.swift */,
			);
			path = Model;
			sourceTree = "<group>";
		};
		11E60C682879672400C73989 /* App */ = {
			isa = PBXGroup;
			children = (
				11E60C51287949E500C73989 /* AppDelegate.swift */,
				11E60C53287949E500C73989 /* SceneDelegate.swift */,
				11E60C5F287949E600C73989 /* Info.plist */,
			);
			path = App;
			sourceTree = "<group>";
		};
		11E60C692879674C00C73989 /* Storyboard */ = {
			isa = PBXGroup;
			children = (
				11E60C5C287949E600C73989 /* LaunchScreen.storyboard */,
				11E60C57287949E500C73989 /* Main.storyboard */,
			);
			path = Storyboard;
			sourceTree = "<group>";
		};
		11E60C6A2879676300C73989 /* ViewControllers */ = {
			isa = PBXGroup;
			children = (
				11E60C6E2879822200C73989 /* MainViewController.swift */,
				11E60C6C28796A6800C73989 /* NewContactViewController.swift */,
			);
			path = ViewControllers;
			sourceTree = "<group>";
		};
		11E60C6B2879677900C73989 /* Resources */ = {
			isa = PBXGroup;
			children = (
				11E60C5A287949E600C73989 /* Assets.xcassets */,
			);
			path = Resources;
			sourceTree = "<group>";
		};
		11E60C70287D30AA00C73989 /* Services */ = {
			isa = PBXGroup;
			children = (
				11E60C71287D30CB00C73989 /* StorageManager.swift */,
			);
			path = Services;
			sourceTree = "<group>";
		};
/* End PBXGroup section */

/* Begin PBXNativeTarget section */
		11E60C4D287949E500C73989 /* AppUserDefaults */ = {
			isa = PBXNativeTarget;
			buildConfigurationList = 11E60C62287949E600C73989 /* Build configuration list for PBXNativeTarget "AppUserDefaults" */;
			buildPhases = (
				11E60C4A287949E500C73989 /* Sources */,
				11E60C4B287949E500C73989 /* Frameworks */,
				11E60C4C287949E500C73989 /* Resources */,
			);
			buildRules = (
			);
			dependencies = (
			);
			name = AppUserDefaults;
			productName = AppUserDefaults;
			productReference = 11E60C4E287949E500C73989 /* AppUserDefaults.app */;
			productType = "com.apple.product-type.application";
		};
/* End PBXNativeTarget section */

/* Begin PBXProject section */
		11E60C46287949E500C73989 /* Project object */ = {
			isa = PBXProject;
			attributes = {
				BuildIndependentTargetsInParallel = 1;
				LastSwiftUpdateCheck = 1320;
				LastUpgradeCheck = 1320;
				TargetAttributes = {
					11E60C4D287949E500C73989 = {
						CreatedOnToolsVersion = 13.2.1;
					};
				};
			};
			buildConfigurationList = 11E60C49287949E500C73989 /* Build configuration list for PBXProject "AppUserDefaults" */;
			compatibilityVersion = "Xcode 13.0";
			developmentRegion = en;
			hasScannedForEncodings = 0;
			knownRegions = (
				en,
				Base,
			);
			mainGroup = 11E60C45287949E500C73989;
			productRefGroup = 11E60C4F287949E500C73989 /* Products */;
			projectDirPath = "";
			projectRoot = "";
			targets = (
				11E60C4D287949E500C73989 /* AppUserDefaults */,
			);
		};
/* End PBXProject section */

/* Begin PBXResourcesBuildPhase section */
		11E60C4C287949E500C73989 /* Resources */ = {
			isa = PBXResourcesBuildPhase;
			buildActionMask = 2147483647;
			files = (
				11E60C5E287949E600C73989 /* LaunchScreen.storyboard in Resources */,
				11E60C5B287949E600C73989 /* Assets.xcassets in Resources */,
				11E60C59287949E500C73989 /* Main.storyboard in Resources */,
			);
			runOnlyForDeploymentPostprocessing = 0;
		};
/* End PBXResourcesBuildPhase section */

/* Begin PBXSourcesBuildPhase section */
		11E60C4A287949E500C73989 /* Sources */ = {
			isa = PBXSourcesBuildPhase;
			buildActionMask = 2147483647;
			files = (
				11E60C74287D33D200C73989 /* Contact.swift in Sources */,
				11E60C52287949E500C73989 /* AppDelegate.swift in Sources */,
				11E60C6D28796A6800C73989 /* NewContactViewController.swift in Sources */,
				11E60C72287D30CB00C73989 /* StorageManager.swift in Sources */,
				11E60C54287949E500C73989 /* SceneDelegate.swift in Sources */,
				11E60C6F2879822200C73989 /* MainViewController.swift in Sources */,
			);
			runOnlyForDeploymentPostprocessing = 0;
		};
/* End PBXSourcesBuildPhase section */

/* Begin PBXVariantGroup section */
		11E60C57287949E500C73989 /* Main.storyboard */ = {
			isa = PBXVariantGroup;
			children = (
				11E60C58287949E500C73989 /* Base */,
			);
			name = Main.storyboard;
			sourceTree = "<group>";
		};
		11E60C5C287949E600C73989 /* LaunchScreen.storyboard */ = {
			isa = PBXVariantGroup;
			children = (
				11E60C5D287949E600C73989 /* Base */,
			);
			name = LaunchScreen.storyboard;
			sourceTree = "<group>";
		};
/* End PBXVariantGroup section */

/* Begin XCBuildConfiguration section */
		11E60C60287949E600C73989 /* Debug */ = {
			isa = XCBuildConfiguration;
			buildSettings = {
				ALWAYS_SEARCH_USER_PATHS = NO;
				CLANG_ANALYZER_NONNULL = YES;
				CLANG_ANALYZER_NUMBER_OBJECT_CONVERSION = YES_AGGRESSIVE;
				CLANG_CXX_LANGUAGE_STANDARD = "gnu++17";
				CLANG_CXX_LIBRARY = "libc++";
				CLANG_ENABLE_MODULES = YES;
				CLANG_ENABLE_OBJC_ARC = YES;
				CLANG_ENABLE_OBJC_WEAK = YES;
				CLANG_WARN_BLOCK_CAPTURE_AUTORELEASING = YES;
				CLANG_WARN_BOOL_CONVERSION = YES;
				CLANG_WARN_COMMA = YES;
				CLANG_WARN_CONSTANT_CONVERSION = YES;
				CLANG_WARN_DEPRECATED_OBJC_IMPLEMENTATIONS = YES;
				CLANG_WARN_DIRECT_OBJC_ISA_USAGE = YES_ERROR;
				CLANG_WARN_DOCUMENTATION_COMMENTS = YES;
				CLANG_WARN_EMPTY_BODY = YES;
				CLANG_WARN_ENUM_CONVERSION = YES;
				CLANG_WARN_INFINITE_RECURSION = YES;
				CLANG_WARN_INT_CONVERSION = YES;
				CLANG_WARN_NON_LITERAL_NULL_CONVERSION = YES;
				CLANG_WARN_OBJC_IMPLICIT_RETAIN_SELF = YES;
				CLANG_WARN_OBJC_LITERAL_CONVERSION = YES;
				CLANG_WARN_OBJC_ROOT_CLASS = YES_ERROR;
				CLANG_WARN_QUOTED_INCLUDE_IN_FRAMEWORK_HEADER = YES;
				CLANG_WARN_RANGE_LOOP_ANALYSIS = YES;
				CLANG_WARN_STRICT_PROTOTYPES = YES;
				CLANG_WARN_SUSPICIOUS_MOVE = YES;
				CLANG_WARN_UNGUARDED_AVAILABILITY = YES_AGGRESSIVE;
				CLANG_WARN_UNREACHABLE_CODE = YES;
				CLANG_WARN__DUPLICATE_METHOD_MATCH = YES;
				COPY_PHASE_STRIP = NO;
				DEBUG_INFORMATION_FORMAT = dwarf;
				ENABLE_STRICT_OBJC_MSGSEND = YES;
				ENABLE_TESTABILITY = YES;
				GCC_C_LANGUAGE_STANDARD = gnu11;
				GCC_DYNAMIC_NO_PIC = NO;
				GCC_NO_COMMON_BLOCKS = YES;
				GCC_OPTIMIZATION_LEVEL = 0;
				GCC_PREPROCESSOR_DEFINITIONS = (
					"DEBUG=1",
					"$(inherited)",
				);
				GCC_WARN_64_TO_32_BIT_CONVERSION = YES;
				GCC_WARN_ABOUT_RETURN_TYPE = YES_ERROR;
				GCC_WARN_UNDECLARED_SELECTOR = YES;
				GCC_WARN_UNINITIALIZED_AUTOS = YES_AGGRESSIVE;
				GCC_WARN_UNUSED_FUNCTION = YES;
				GCC_WARN_UNUSED_VARIABLE = YES;
				IPHONEOS_DEPLOYMENT_TARGET = 15.2;
				MTL_ENABLE_DEBUG_INFO = INCLUDE_SOURCE;
				MTL_FAST_MATH = YES;
				ONLY_ACTIVE_ARCH = YES;
				SDKROOT = iphoneos;
				SWIFT_ACTIVE_COMPILATION_CONDITIONS = DEBUG;
				SWIFT_OPTIMIZATION_LEVEL = "-Onone";
			};
			name = Debug;
		};
		11E60C61287949E600C73989 /* Release */ = {
			isa = XCBuildConfiguration;
			buildSettings = {
				ALWAYS_SEARCH_USER_PATHS = NO;
				CLANG_ANALYZER_NONNULL = YES;
				CLANG_ANALYZER_NUMBER_OBJECT_CONVERSION = YES_AGGRESSIVE;
				CLANG_CXX_LANGUAGE_STANDARD = "gnu++17";
				CLANG_CXX_LIBRARY = "libc++";
				CLANG_ENABLE_MODULES = YES;
				CLANG_ENABLE_OBJC_ARC = YES;
				CLANG_ENABLE_OBJC_WEAK = YES;
				CLANG_WARN_BLOCK_CAPTURE_AUTORELEASING = YES;
				CLANG_WARN_BOOL_CONVERSION = YES;
				CLANG_WARN_COMMA = YES;
				CLANG_WARN_CONSTANT_CONVERSION = YES;
				CLANG_WARN_DEPRECATED_OBJC_IMPLEMENTATIONS = YES;
				CLANG_WARN_DIRECT_OBJC_ISA_USAGE = YES_ERROR;
				CLANG_WARN_DOCUMENTATION_COMMENTS = YES;
				CLANG_WARN_EMPTY_BODY = YES;
				CLANG_WARN_ENUM_CONVERSION = YES;
				CLANG_WARN_INFINITE_RECURSION = YES;
				CLANG_WARN_INT_CONVERSION = YES;
				CLANG_WARN_NON_LITERAL_NULL_CONVERSION = YES;
				CLANG_WARN_OBJC_IMPLICIT_RETAIN_SELF = YES;
				CLANG_WARN_OBJC_LITERAL_CONVERSION = YES;
				CLANG_WARN_OBJC_ROOT_CLASS = YES_ERROR;
				CLANG_WARN_QUOTED_INCLUDE_IN_FRAMEWORK_HEADER = YES;
				CLANG_WARN_RANGE_LOOP_ANALYSIS = YES;
				CLANG_WARN_STRICT_PROTOTYPES = YES;
				CLANG_WARN_SUSPICIOUS_MOVE = YES;
				CLANG_WARN_UNGUARDED_AVAILABILITY = YES_AGGRESSIVE;
				CLANG_WARN_UNREACHABLE_CODE = YES;
				CLANG_WARN__DUPLICATE_METHOD_MATCH = YES;
				COPY_PHASE_STRIP = NO;
				DEBUG_INFORMATION_FORMAT = "dwarf-with-dsym";
				ENABLE_NS_ASSERTIONS = NO;
				ENABLE_STRICT_OBJC_MSGSEND = YES;
				GCC_C_LANGUAGE_STANDARD = gnu11;
				GCC_NO_COMMON_BLOCKS = YES;
				GCC_WARN_64_TO_32_BIT_CONVERSION = YES;
				GCC_WARN_ABOUT_RETURN_TYPE = YES_ERROR;
				GCC_WARN_UNDECLARED_SELECTOR = YES;
				GCC_WARN_UNINITIALIZED_AUTOS = YES_AGGRESSIVE;
				GCC_WARN_UNUSED_FUNCTION = YES;
				GCC_WARN_UNUSED_VARIABLE = YES;
				IPHONEOS_DEPLOYMENT_TARGET = 15.2;
				MTL_ENABLE_DEBUG_INFO = NO;
				MTL_FAST_MATH = YES;
				SDKROOT = iphoneos;
				SWIFT_COMPILATION_MODE = wholemodule;
				SWIFT_OPTIMIZATION_LEVEL = "-O";
				VALIDATE_PRODUCT = YES;
			};
			name = Release;
		};
		11E60C63287949E600C73989 /* Debug */ = {
			isa = XCBuildConfiguration;
			buildSettings = {
				ASSETCATALOG_COMPILER_APPICON_NAME = AppIcon;
				ASSETCATALOG_COMPILER_GLOBAL_ACCENT_COLOR_NAME = AccentColor;
				CODE_SIGN_STYLE = Automatic;
				CURRENT_PROJECT_VERSION = 1;
				GENERATE_INFOPLIST_FILE = YES;
				INFOPLIST_FILE = AppUserDefaults/App/Info.plist;
				INFOPLIST_KEY_UIApplicationSupportsIndirectInputEvents = YES;
				INFOPLIST_KEY_UILaunchStoryboardName = LaunchScreen;
				INFOPLIST_KEY_UIMainStoryboardFile = Main;
				INFOPLIST_KEY_UISupportedInterfaceOrientations_iPad = "UIInterfaceOrientationPortrait UIInterfaceOrientationPortraitUpsideDown UIInterfaceOrientationLandscapeLeft UIInterfaceOrientationLandscapeRight";
				INFOPLIST_KEY_UISupportedInterfaceOrientations_iPhone = "UIInterfaceOrientationPortrait UIInterfaceOrientationLandscapeLeft UIInterfaceOrientationLandscapeRight";
				LD_RUNPATH_SEARCH_PATHS = (
					"$(inherited)",
					"@executable_path/Frameworks",
				);
				MARKETING_VERSION = 1.0;
				PRODUCT_BUNDLE_IDENTIFIER = ODN.AppUserDefaults;
				PRODUCT_NAME = "$(TARGET_NAME)";
				SWIFT_EMIT_LOC_STRINGS = YES;
				SWIFT_VERSION = 5.0;
				TARGETED_DEVICE_FAMILY = "1,2";
			};
			name = Debug;
		};
		11E60C64287949E600C73989 /* Release */ = {
			isa = XCBuildConfiguration;
			buildSettings = {
				ASSETCATALOG_COMPILER_APPICON_NAME = AppIcon;
				ASSETCATALOG_COMPILER_GLOBAL_ACCENT_COLOR_NAME = AccentColor;
				CODE_SIGN_STYLE = Automatic;
				CURRENT_PROJECT_VERSION = 1;
				GENERATE_INFOPLIST_FILE = YES;
				INFOPLIST_FILE = AppUserDefaults/App/Info.plist;
				INFOPLIST_KEY_UIApplicationSupportsIndirectInputEvents = YES;
				INFOPLIST_KEY_UILaunchStoryboardName = LaunchScreen;
				INFOPLIST_KEY_UIMainStoryboardFile = Main;
				INFOPLIST_KEY_UISupportedInterfaceOrientations_iPad = "UIInterfaceOrientationPortrait UIInterfaceOrientationPortraitUpsideDown UIInterfaceOrientationLandscapeLeft UIInterfaceOrientationLandscapeRight";
				INFOPLIST_KEY_UISupportedInterfaceOrientations_iPhone = "UIInterfaceOrientationPortrait UIInterfaceOrientationLandscapeLeft UIInterfaceOrientationLandscapeRight";
				LD_RUNPATH_SEARCH_PATHS = (
					"$(inherited)",
					"@executable_path/Frameworks",
				);
				MARKETING_VERSION = 1.0;
				PRODUCT_BUNDLE_IDENTIFIER = ODN.AppUserDefaults;
				PRODUCT_NAME = "$(TARGET_NAME)";
				SWIFT_EMIT_LOC_STRINGS = YES;
				SWIFT_VERSION = 5.0;
				TARGETED_DEVICE_FAMILY = "1,2";
			};
			name = Release;
		};
/* End XCBuildConfiguration section */

/* Begin XCConfigurationList section */
		11E60C49287949E500C73989 /* Build configuration list for PBXProject "AppUserDefaults" */ = {
			isa = XCConfigurationList;
			buildConfigurations = (
				11E60C60287949E600C73989 /* Debug */,
				11E60C61287949E600C73989 /* Release */,
			);
			defaultConfigurationIsVisible = 0;
			defaultConfigurationName = Release;
		};
		11E60C62287949E600C73989 /* Build configuration list for PBXNativeTarget "AppUserDefaults" */ = {
			isa = XCConfigurationList;
			buildConfigurations = (
				11E60C63287949E600C73989 /* Debug */,
				11E60C64287949E600C73989 /* Release */,
			);
			defaultConfigurationIsVisible = 0;
			defaultConfigurationName = Release;
		};
/* End XCConfigurationList section */
	};
	rootObject = 11E60C46287949E500C73989 /* Project object */;
}
